Microsoft Visual Studio Solution File, Format Version 12.00
# Visual Studio Version 17
VisualStudioVersion = 17.5.2.0
MinimumVisualStudioVersion = 10.0.40219.1
Project("{FAE04EC0-301F-11D3-BF4B-00C04F79EFBC}") = "MT5GrpcClient", "MT5\MT5GrpcClient.csproj", "{7A096530-0684-8BE3-B773-952E209A6111}"
EndProject
Project("{FAE04EC0-301F-11D3-BF4B-00C04F79EFBC}") = "MT5GrpcClientSimple", "MT5\MT5GrpcClientSimple.csproj", "{8BDE63F8-C3D6-A658-74BA-A17BEC453D0B}"
EndProject
Project("{2150E333-8FDC-42A3-9474-1A3956D46DE8}") = "MultiStratManagerRepo", "MultiStratManagerRepo", "{D9D8547B-4240-B146-84BB-F0E012377EC0}"
EndProject
Project("{9A19103F-16F7-4668-BE54-9A1E7A4F7556}") = "BridgeGrpcClient", "MultiStratManagerRepo\Quantower\BridgeGrpcClient\BridgeGrpcClient.csproj", "{44E1F18A-0E70-4A59-A982-0FE4AFAE5C74}"
EndProject
Project("{9A19103F-16F7-4668-BE54-9A1E7A4F7556}") = "QuantowerMultiStratAddOn", "MultiStratManagerRepo\Quantower\QuantowerMultiStratAddOn\QuantowerMultiStratAddOn.csproj", "{C2D9B35C-4AA3-4F3C-8E4F-82A7B5B90F06}"
EndProject
Global
	GlobalSection(SolutionConfigurationPlatforms) = preSolution
		Debug|Any CPU = Debug|Any CPU
		Release|Any CPU = Release|Any CPU
	EndGlobalSection
	GlobalSection(ProjectConfigurationPlatforms) = postSolution
		{7A096530-0684-8BE3-B773-952E209A6111}.Debug|Any CPU.ActiveCfg = Debug|Any CPU
		{7A096530-0684-8BE3-B773-952E209A6111}.Debug|Any CPU.Build.0 = Debug|Any CPU
		{7A096530-0684-8BE3-B773-952E209A6111}.Release|Any CPU.ActiveCfg = Release|Any CPU
		{7A096530-0684-8BE3-B773-952E209A6111}.Release|Any CPU.Build.0 = Release|Any CPU
		{8BDE63F8-C3D6-A658-74BA-A17BEC453D0B}.Debug|Any CPU.ActiveCfg = Debug|Any CPU
		{8BDE63F8-C3D6-A658-74BA-A17BEC453D0B}.Debug|Any CPU.Build.0 = Debug|Any CPU
		{8BDE63F8-C3D6-A658-74BA-A17BEC453D0B}.Release|Any CPU.ActiveCfg = Release|Any CPU
		{8BDE63F8-C3D6-A658-74BA-A17BEC453D0B}.Release|Any CPU.Build.0 = Release|Any CPU
		{44E1F18A-0E70-4A59-A982-0FE4AFAE5C74}.Debug|Any CPU.ActiveCfg = Debug|Any CPU
		{44E1F18A-0E70-4A59-A982-0FE4AFAE5C74}.Debug|Any CPU.Build.0 = Debug|Any CPU
		{44E1F18A-0E70-4A59-A982-0FE4AFAE5C74}.Release|Any CPU.ActiveCfg = Release|Any CPU
		{44E1F18A-0E70-4A59-A982-0FE4AFAE5C74}.Release|Any CPU.Build.0 = Release|Any CPU
		{C2D9B35C-4AA3-4F3C-8E4F-82A7B5B90F06}.Debug|Any CPU.ActiveCfg = Debug|Any CPU
		{C2D9B35C-4AA3-4F3C-8E4F-82A7B5B90F06}.Debug|Any CPU.Build.0 = Debug|Any CPU
		{C2D9B35C-4AA3-4F3C-8E4F-82A7B5B90F06}.Release|Any CPU.ActiveCfg = Release|Any CPU
		{C2D9B35C-4AA3-4F3C-8E4F-82A7B5B90F06}.Release|Any CPU.Build.0 = Release|Any CPU
	EndGlobalSection
	GlobalSection(SolutionProperties) = preSolution
		HideSolutionNode = FALSE
	EndGlobalSection
	GlobalSection(NestedProjects) = preSolution
		{44E1F18A-0E70-4A59-A982-0FE4AFAE5C74} = {D9D8547B-4240-B146-84BB-F0E012377EC0}
		{C2D9B35C-4AA3-4F3C-8E4F-82A7B5B90F06} = {D9D8547B-4240-B146-84BB-F0E012377EC0}
	EndGlobalSection
	GlobalSection(ExtensibilityGlobals) = postSolution
		SolutionGuid = {8536E895-49F2-40BD-87E3-CDE4456EE078}
	EndGlobalSection
EndGlobal
